
Microsoft Visual Studio Solution File, Format Version 12.00
# Visual Studio 2017
Project("{FAE04EC0-301F-11D3-BF4B-00C04F79EFBC}") = "Dyslexia Simulator.Plugins", "Dyslexia Simulator.Plugins.csproj", "{BF3C2F5B-DC4D-963F-37E0-6B3D5ADD9076}"
EndProject
Project("{FAE04EC0-301F-11D3-BF4B-00C04F79EFBC}") = "Dyslexia Simulator", "Dyslexia Simulator.csproj", "{CF3B32C8-0865-6243-E3EF-194A661B9B1C}"
EndProject
Global
	GlobalSection(SolutionConfigurationPlatforms) = preSolution
		Debug|Any CPU = Debug|Any CPU
		Release|Any CPU = Release|Any CPU
	EndGlobalSection
	GlobalSection(ProjectConfigurationPlatforms) = postSolution
		{BF3C2F5B-DC4D-963F-37E0-6B3D5ADD9076}.Debug|Any CPU.ActiveCfg = Debug|Any CPU
		{BF3C2F5B-DC4D-963F-37E0-6B3D5ADD9076}.Debug|Any CPU.Build.0 = Debug|Any CPU
		{BF3C2F5B-DC4D-963F-37E0-6B3D5ADD9076}.Release|Any CPU.ActiveCfg = Release|Any CPU
		{BF3C2F5B-DC4D-963F-37E0-6B3D5ADD9076}.Release|Any CPU.Build.0 = Release|Any CPU
		{CF3B32C8-0865-6243-E3EF-194A661B9B1C}.Debug|Any CPU.ActiveCfg = Debug|Any CPU
		{CF3B32C8-0865-6243-E3EF-194A661B9B1C}.Debug|Any CPU.Build.0 = Debug|Any CPU
		{CF3B32C8-0865-6243-E3EF-194A661B9B1C}.Release|Any CPU.ActiveCfg = Release|Any CPU
		{CF3B32C8-0865-6243-E3EF-194A661B9B1C}.Release|Any CPU.Build.0 = Release|Any CPU
	EndGlobalSection
	GlobalSection(SolutionProperties) = preSolution
		HideSolutionNode = FALSE
	EndGlobalSection
EndGlobal
